
Microsoft Visual Studio Solution File, Format Version 12.00
# Visual Studio 15
VisualStudioVersion = 15.0.27130.2027
MinimumVisualStudioVersion = 10.0.40219.1
Project("{8BC9CEB8-8B4A-11D0-8D11-00A0C91BC942}") = "Exercicios_ex", "Exercicios_ex\Exercicios_ex.vcxproj", "{1239B4CB-AACB-4FDE-AB80-CC471EB8969A}"
EndProject
Global
	GlobalSection(SolutionConfigurationPlatforms) = preSolution
		Debug|x64 = Debug|x64
		Debug|x86 = Debug|x86
		Release|x64 = Release|x64
		Release|x86 = Release|x86
	EndGlobalSection
	GlobalSection(ProjectConfigurationPlatforms) = postSolution
		{1239B4CB-AACB-4FDE-AB80-CC471EB8969A}.Debug|x64.ActiveCfg = Debug|x64
		{1239B4CB-AACB-4FDE-AB80-CC471EB8969A}.Debug|x64.Build.0 = Debug|x64
		{1239B4CB-AACB-4FDE-AB80-CC471EB8969A}.Debug|x86.ActiveCfg = Debug|Win32
		{1239B4CB-AACB-4FDE-AB80-CC471EB8969A}.Debug|x86.Build.0 = Debug|Win32
		{1239B4CB-AACB-4FDE-AB80-CC471EB8969A}.Release|x64.ActiveCfg = Release|x64
		{1239B4CB-AACB-4FDE-AB80-CC471EB8969A}.Release|x64.Build.0 = Release|x64
		{1239B4CB-AACB-4FDE-AB80-CC471EB8969A}.Release|x86.ActiveCfg = Release|Win32
		{1239B4CB-AACB-4FDE-AB80-CC471EB8969A}.Release|x86.Build.0 = Release|Win32
	EndGlobalSection
	GlobalSection(SolutionProperties) = preSolution
		HideSolutionNode = FALSE
	EndGlobalSection
	GlobalSection(ExtensibilityGlobals) = postSolution
		SolutionGuid = {D9BF21DF-4F56-4C1B-A8CF-1369487733B5}
	EndGlobalSection
EndGlobal
